// !$*UTF8*$!
{
	archiveVersion = 1;
	classes = {
	};
	objectVersion = 50;
	objects = {

/* Begin PBXBuildFile section */
		84729A34223D571200E14CDA /* Node.swift in Sources */ = {isa = PBXBuildFile; fileRef = 84729A33223D571200E14CDA /* Node.swift */; };
		84729A37223D574600E14CDA /* String+Ext.swift in Sources */ = {isa = PBXBuildFile; fileRef = 84729A36223D574600E14CDA /* String+Ext.swift */; };
		84729A3B223D577C00E14CDA /* FileService.swift in Sources */ = {isa = PBXBuildFile; fileRef = 84729A3A223D577C00E14CDA /* FileService.swift */; };
		84729A3E223D58B900E14CDA /* GlobalVars.swift in Sources */ = {isa = PBXBuildFile; fileRef = 84729A3D223D58B900E14CDA /* GlobalVars.swift */; };
		84729A40223D5A9B00E14CDA /* Lexer.swift in Sources */ = {isa = PBXBuildFile; fileRef = 84729A3F223D5A9B00E14CDA /* Lexer.swift */; };
		84729A42223D5AA200E14CDA /* Parser.swift in Sources */ = {isa = PBXBuildFile; fileRef = 84729A41223D5AA200E14CDA /* Parser.swift */; };
		84729A44223D631A00E14CDA /* Semantic.swift in Sources */ = {isa = PBXBuildFile; fileRef = 84729A43223D631A00E14CDA /* Semantic.swift */; };
		84729A46223D681F00E14CDA /* CLI.swift in Sources */ = {isa = PBXBuildFile; fileRef = 84729A45223D681F00E14CDA /* CLI.swift */; };
		84B77023222AE21F003BBB13 /* main.swift in Sources */ = {isa = PBXBuildFile; fileRef = 84B77022222AE21F003BBB13 /* main.swift */; };
		84B77043222AEE8E003BBB13 /* Compiler.swift in Sources */ = {isa = PBXBuildFile; fileRef = 84B77042222AEE8E003BBB13 /* Compiler.swift */; };
/* End PBXBuildFile section */

/* Begin PBXCopyFilesBuildPhase section */
		84B7701D222AE21F003BBB13 /* CopyFiles */ = {
			isa = PBXCopyFilesBuildPhase;
			buildActionMask = 2147483647;
			dstPath = /usr/share/man/man1/;
			dstSubfolderSpec = 0;
			files = (
			);
			runOnlyForDeploymentPostprocessing = 1;
		};
/* End PBXCopyFilesBuildPhase section */

/* Begin PBXFileReference section */
		84729A33223D571200E14CDA /* Node.swift */ = {isa = PBXFileReference; lastKnownFileType = sourcecode.swift; path = Node.swift; sourceTree = "<group>"; };
		84729A36223D574600E14CDA /* String+Ext.swift */ = {isa = PBXFileReference; lastKnownFileType = sourcecode.swift; path = "String+Ext.swift"; sourceTree = "<group>"; };
		84729A3A223D577C00E14CDA /* FileService.swift */ = {isa = PBXFileReference; lastKnownFileType = sourcecode.swift; path = FileService.swift; sourceTree = "<group>"; };
		84729A3D223D58B900E14CDA /* GlobalVars.swift */ = {isa = PBXFileReference; lastKnownFileType = sourcecode.swift; path = GlobalVars.swift; sourceTree = "<group>"; };
		84729A3F223D5A9B00E14CDA /* Lexer.swift */ = {isa = PBXFileReference; lastKnownFileType = sourcecode.swift; path = Lexer.swift; sourceTree = "<group>"; };
		84729A41223D5AA200E14CDA /* Parser.swift */ = {isa = PBXFileReference; lastKnownFileType = sourcecode.swift; path = Parser.swift; sourceTree = "<group>"; };
		84729A43223D631A00E14CDA /* Semantic.swift */ = {isa = PBXFileReference; lastKnownFileType = sourcecode.swift; path = Semantic.swift; sourceTree = "<group>"; };
		84729A45223D681F00E14CDA /* CLI.swift */ = {isa = PBXFileReference; lastKnownFileType = sourcecode.swift; path = CLI.swift; sourceTree = "<group>"; };
		84B7701F222AE21F003BBB13 /* ShakespeareCompiler */ = {isa = PBXFileReference; explicitFileType = "compiled.mach-o.executable"; includeInIndex = 0; path = ShakespeareCompiler; sourceTree = BUILT_PRODUCTS_DIR; };
		84B77022222AE21F003BBB13 /* main.swift */ = {isa = PBXFileReference; lastKnownFileType = sourcecode.swift; path = main.swift; sourceTree = "<group>"; };
		84B77042222AEE8E003BBB13 /* Compiler.swift */ = {isa = PBXFileReference; lastKnownFileType = sourcecode.swift; path = Compiler.swift; sourceTree = "<group>"; };
/* End PBXFileReference section */

/* Begin PBXFrameworksBuildPhase section */
		84B7701C222AE21F003BBB13 /* Frameworks */ = {
			isa = PBXFrameworksBuildPhase;
			buildActionMask = 2147483647;
			files = (
			);
			runOnlyForDeploymentPostprocessing = 0;
		};
/* End PBXFrameworksBuildPhase section */

/* Begin PBXGroup section */
		84729A35223D573D00E14CDA /* Extensions */ = {
			isa = PBXGroup;
			children = (
				84729A36223D574600E14CDA /* String+Ext.swift */,
			);
			path = Extensions;
			sourceTree = "<group>";
		};
		84729A38223D575500E14CDA /* Models */ = {
			isa = PBXGroup;
			children = (
				84729A33223D571200E14CDA /* Node.swift */,
			);
			path = Models;
			sourceTree = "<group>";
		};
		84729A39223D576300E14CDA /* Services */ = {
			isa = PBXGroup;
			children = (
				84B77042222AEE8E003BBB13 /* Compiler.swift */,
				84729A3A223D577C00E14CDA /* FileService.swift */,
				84729A3F223D5A9B00E14CDA /* Lexer.swift */,
				84729A41223D5AA200E14CDA /* Parser.swift */,
				84729A43223D631A00E14CDA /* Semantic.swift */,
				84729A45223D681F00E14CDA /* CLI.swift */,
			);
			path = Services;
			sourceTree = "<group>";
		};
		84729A3C223D58B300E14CDA /* Helpers */ = {
			isa = PBXGroup;
			children = (
				84729A3D223D58B900E14CDA /* GlobalVars.swift */,
			);
			path = Helpers;
			sourceTree = "<group>";
		};
		84B77016222AE21F003BBB13 = {
			isa = PBXGroup;
			children = (
				84B77021222AE21F003BBB13 /* ShakespeareCompiler */,
				84B77020222AE21F003BBB13 /* Products */,
			);
			sourceTree = "<group>";
		};
		84B77020222AE21F003BBB13 /* Products */ = {
			isa = PBXGroup;
			children = (
				84B7701F222AE21F003BBB13 /* ShakespeareCompiler */,
			);
			name = Products;
			sourceTree = "<group>";
		};
		84B77021222AE21F003BBB13 /* ShakespeareCompiler */ = {
			isa = PBXGroup;
			children = (
				84729A3C223D58B300E14CDA /* Helpers */,
				84729A39223D576300E14CDA /* Services */,
				84729A38223D575500E14CDA /* Models */,
				84729A35223D573D00E14CDA /* Extensions */,
				84B77022222AE21F003BBB13 /* main.swift */,
			);
			path = ShakespeareCompiler;
			sourceTree = "<group>";
		};
/* End PBXGroup section */

/* Begin PBXNativeTarget section */
		84B7701E222AE21F003BBB13 /* ShakespeareCompiler */ = {
			isa = PBXNativeTarget;
			buildConfigurationList = 84B77026222AE21F003BBB13 /* Build configuration list for PBXNativeTarget "ShakespeareCompiler" */;
			buildPhases = (
				84B7701B222AE21F003BBB13 /* Sources */,
				84B7701C222AE21F003BBB13 /* Frameworks */,
				84B7701D222AE21F003BBB13 /* CopyFiles */,
			);
			buildRules = (
			);
			dependencies = (
			);
			name = ShakespeareCompiler;
			productName = ShakespeareCompiler;
			productReference = 84B7701F222AE21F003BBB13 /* ShakespeareCompiler */;
			productType = "com.apple.product-type.tool";
		};
/* End PBXNativeTarget section */

/* Begin PBXProject section */
		84B77017222AE21F003BBB13 /* Project object */ = {
			isa = PBXProject;
			attributes = {
				LastSwiftUpdateCheck = 1010;
				LastUpgradeCheck = 1010;
				ORGANIZATIONNAME = "Alexander Kravchenko";
				TargetAttributes = {
					84B7701E222AE21F003BBB13 = {
						CreatedOnToolsVersion = 10.1;
					};
				};
			};
			buildConfigurationList = 84B7701A222AE21F003BBB13 /* Build configuration list for PBXProject "ShakespeareCompiler" */;
			compatibilityVersion = "Xcode 9.3";
			developmentRegion = en;
			hasScannedForEncodings = 0;
			knownRegions = (
				en,
			);
			mainGroup = 84B77016222AE21F003BBB13;
			productRefGroup = 84B77020222AE21F003BBB13 /* Products */;
			projectDirPath = "";
			projectRoot = "";
			targets = (
				84B7701E222AE21F003BBB13 /* ShakespeareCompiler */,
			);
		};
/* End PBXProject section */

/* Begin PBXSourcesBuildPhase section */
		84B7701B222AE21F003BBB13 /* Sources */ = {
			isa = PBXSourcesBuildPhase;
			buildActionMask = 2147483647;
			files = (
				84729A34223D571200E14CDA /* Node.swift in Sources */,
				84729A40223D5A9B00E14CDA /* Lexer.swift in Sources */,
				84729A46223D681F00E14CDA /* CLI.swift in Sources */,
				84B77043222AEE8E003BBB13 /* Compiler.swift in Sources */,
				84729A37223D574600E14CDA /* String+Ext.swift in Sources */,
				84729A42223D5AA200E14CDA /* Parser.swift in Sources */,
				84729A44223D631A00E14CDA /* Semantic.swift in Sources */,
				84729A3B223D577C00E14CDA /* FileService.swift in Sources */,
				84729A3E223D58B900E14CDA /* GlobalVars.swift in Sources */,
				84B77023222AE21F003BBB13 /* main.swift in Sources */,
			);
			runOnlyForDeploymentPostprocessing = 0;
		};
/* End PBXSourcesBuildPhase section */

/* Begin XCBuildConfiguration section */
		84B77024222AE21F003BBB13 /* Debug */ = {
			isa = XCBuildConfiguration;
			buildSettings = {
				ALWAYS_SEARCH_USER_PATHS = NO;
				CLANG_ANALYZER_NONNULL = YES;
				CLANG_ANALYZER_NUMBER_OBJECT_CONVERSION = YES_AGGRESSIVE;
				CLANG_CXX_LANGUAGE_STANDARD = "gnu++14";
				CLANG_CXX_LIBRARY = "libc++";
				CLANG_ENABLE_MODULES = YES;
				CLANG_ENABLE_OBJC_ARC = YES;
				CLANG_ENABLE_OBJC_WEAK = YES;
				CLANG_WARN_BLOCK_CAPTURE_AUTORELEASING = YES;
				CLANG_WARN_BOOL_CONVERSION = YES;
				CLANG_WARN_COMMA = YES;
				CLANG_WARN_CONSTANT_CONVERSION = YES;
				CLANG_WARN_DEPRECATED_OBJC_IMPLEMENTATIONS = YES;
				CLANG_WARN_DIRECT_OBJC_ISA_USAGE = YES_ERROR;
				CLANG_WARN_DOCUMENTATION_COMMENTS = YES;
				CLANG_WARN_EMPTY_BODY = YES;
				CLANG_WARN_ENUM_CONVERSION = YES;
				CLANG_WARN_INFINITE_RECURSION = YES;
				CLANG_WARN_INT_CONVERSION = YES;
				CLANG_WARN_NON_LITERAL_NULL_CONVERSION = YES;
				CLANG_WARN_OBJC_IMPLICIT_RETAIN_SELF = YES;
				CLANG_WARN_OBJC_LITERAL_CONVERSION = YES;
				CLANG_WARN_OBJC_ROOT_CLASS = YES_ERROR;
				CLANG_WARN_RANGE_LOOP_ANALYSIS = YES;
				CLANG_WARN_STRICT_PROTOTYPES = YES;
				CLANG_WARN_SUSPICIOUS_MOVE = YES;
				CLANG_WARN_UNGUARDED_AVAILABILITY = YES_AGGRESSIVE;
				CLANG_WARN_UNREACHABLE_CODE = YES;
				CLANG_WARN__DUPLICATE_METHOD_MATCH = YES;
				CODE_SIGN_IDENTITY = "Mac Developer";
				COPY_PHASE_STRIP = NO;
				DEBUG_INFORMATION_FORMAT = dwarf;
				ENABLE_STRICT_OBJC_MSGSEND = YES;
				ENABLE_TESTABILITY = YES;
				GCC_C_LANGUAGE_STANDARD = gnu11;
				GCC_DYNAMIC_NO_PIC = NO;
				GCC_NO_COMMON_BLOCKS = YES;
				GCC_OPTIMIZATION_LEVEL = 0;
				GCC_PREPROCESSOR_DEFINITIONS = (
					"DEBUG=1",
					"$(inherited)",
				);
				GCC_WARN_64_TO_32_BIT_CONVERSION = YES;
				GCC_WARN_ABOUT_RETURN_TYPE = YES_ERROR;
				GCC_WARN_UNDECLARED_SELECTOR = YES;
				GCC_WARN_UNINITIALIZED_AUTOS = YES_AGGRESSIVE;
				GCC_WARN_UNUSED_FUNCTION = YES;
				GCC_WARN_UNUSED_VARIABLE = YES;
				MACOSX_DEPLOYMENT_TARGET = 10.14;
				MTL_ENABLE_DEBUG_INFO = INCLUDE_SOURCE;
				MTL_FAST_MATH = YES;
				ONLY_ACTIVE_ARCH = YES;
				SDKROOT = macosx;
				SWIFT_ACTIVE_COMPILATION_CONDITIONS = DEBUG;
				SWIFT_OPTIMIZATION_LEVEL = "-Onone";
			};
			name = Debug;
		};
		84B77025222AE21F003BBB13 /* Release */ = {
			isa = XCBuildConfiguration;
			buildSettings = {
				ALWAYS_SEARCH_USER_PATHS = NO;
				CLANG_ANALYZER_NONNULL = YES;
				CLANG_ANALYZER_NUMBER_OBJECT_CONVERSION = YES_AGGRESSIVE;
				CLANG_CXX_LANGUAGE_STANDARD = "gnu++14";
				CLANG_CXX_LIBRARY = "libc++";
				CLANG_ENABLE_MODULES = YES;
				CLANG_ENABLE_OBJC_ARC = YES;
				CLANG_ENABLE_OBJC_WEAK = YES;
				CLANG_WARN_BLOCK_CAPTURE_AUTORELEASING = YES;
				CLANG_WARN_BOOL_CONVERSION = YES;
				CLANG_WARN_COMMA = YES;
				CLANG_WARN_CONSTANT_CONVERSION = YES;
				CLANG_WARN_DEPRECATED_OBJC_IMPLEMENTATIONS = YES;
				CLANG_WARN_DIRECT_OBJC_ISA_USAGE = YES_ERROR;
				CLANG_WARN_DOCUMENTATION_COMMENTS = YES;
				CLANG_WARN_EMPTY_BODY = YES;
				CLANG_WARN_ENUM_CONVERSION = YES;
				CLANG_WARN_INFINITE_RECURSION = YES;
				CLANG_WARN_INT_CONVERSION = YES;
				CLANG_WARN_NON_LITERAL_NULL_CONVERSION = YES;
				CLANG_WARN_OBJC_IMPLICIT_RETAIN_SELF = YES;
				CLANG_WARN_OBJC_LITERAL_CONVERSION = YES;
				CLANG_WARN_OBJC_ROOT_CLASS = YES_ERROR;
				CLANG_WARN_RANGE_LOOP_ANALYSIS = YES;
				CLANG_WARN_STRICT_PROTOTYPES = YES;
				CLANG_WARN_SUSPICIOUS_MOVE = YES;
				CLANG_WARN_UNGUARDED_AVAILABILITY = YES_AGGRESSIVE;
				CLANG_WARN_UNREACHABLE_CODE = YES;
				CLANG_WARN__DUPLICATE_METHOD_MATCH = YES;
				CODE_SIGN_IDENTITY = "Mac Developer";
				COPY_PHASE_STRIP = NO;
				DEBUG_INFORMATION_FORMAT = "dwarf-with-dsym";
				ENABLE_NS_ASSERTIONS = NO;
				ENABLE_STRICT_OBJC_MSGSEND = YES;
				GCC_C_LANGUAGE_STANDARD = gnu11;
				GCC_NO_COMMON_BLOCKS = YES;
				GCC_WARN_64_TO_32_BIT_CONVERSION = YES;
				GCC_WARN_ABOUT_RETURN_TYPE = YES_ERROR;
				GCC_WARN_UNDECLARED_SELECTOR = YES;
				GCC_WARN_UNINITIALIZED_AUTOS = YES_AGGRESSIVE;
				GCC_WARN_UNUSED_FUNCTION = YES;
				GCC_WARN_UNUSED_VARIABLE = YES;
				MACOSX_DEPLOYMENT_TARGET = 10.14;
				MTL_ENABLE_DEBUG_INFO = NO;
				MTL_FAST_MATH = YES;
				SDKROOT = macosx;
				SWIFT_COMPILATION_MODE = wholemodule;
				SWIFT_OPTIMIZATION_LEVEL = "-O";
			};
			name = Release;
		};
		84B77027222AE21F003BBB13 /* Debug */ = {
			isa = XCBuildConfiguration;
			buildSettings = {
				CODE_SIGN_STYLE = Automatic;
				DEVELOPMENT_TEAM = 6ZZTF6H8LS;
				PRODUCT_NAME = "$(TARGET_NAME)";
				SWIFT_VERSION = 4.2;
			};
			name = Debug;
		};
		84B77028222AE21F003BBB13 /* Release */ = {
			isa = XCBuildConfiguration;
			buildSettings = {
				CODE_SIGN_STYLE = Automatic;
				DEVELOPMENT_TEAM = 6ZZTF6H8LS;
				PRODUCT_NAME = "$(TARGET_NAME)";
				SWIFT_VERSION = 4.2;
			};
			name = Release;
		};
/* End XCBuildConfiguration section */

/* Begin XCConfigurationList section */
		84B7701A222AE21F003BBB13 /* Build configuration list for PBXProject "ShakespeareCompiler" */ = {
			isa = XCConfigurationList;
			buildConfigurations = (
				84B77024222AE21F003BBB13 /* Debug */,
				84B77025222AE21F003BBB13 /* Release */,
			);
			defaultConfigurationIsVisible = 0;
			defaultConfigurationName = Release;
		};
		84B77026222AE21F003BBB13 /* Build configuration list for PBXNativeTarget "ShakespeareCompiler" */ = {
			isa = XCConfigurationList;
			buildConfigurations = (
				84B77027222AE21F003BBB13 /* Debug */,
				84B77028222AE21F003BBB13 /* Release */,
			);
			defaultConfigurationIsVisible = 0;
			defaultConfigurationName = Release;
		};
/* End XCConfigurationList section */
	};
	rootObject = 84B77017222AE21F003BBB13 /* Project object */;
}
